
Microsoft Visual Studio Solution File, Format Version 12.00
# Visual Studio 2013
VisualStudioVersion = 12.0.31101.0
MinimumVisualStudioVersion = 10.0.40219.1
Project("{FAE04EC0-301F-11D3-BF4B-00C04F79EFBC}") = "QX.Entity", "QX.Entity\QX.Entity.csproj", "{B1B55DB3-FA47-4E1A-8BBE-82B8334F1873}"
EndProject
Project("{FAE04EC0-301F-11D3-BF4B-00C04F79EFBC}") = "QX.Web", "QX.Web\QX.Web.csproj", "{E1408ABF-49F2-4448-B758-73F3D9879976}"
EndProject
Project("{2150E333-8FDC-42A3-9474-1A3956D46DE8}") = "Service", "Service", "{2AE3E93A-C8EC-41DD-B7AA-C25880177A48}"
EndProject
Project("{2150E333-8FDC-42A3-9474-1A3956D46DE8}") = "Respositry", "Respositry", "{C30E05EA-6F9D-4F82-81E9-AACD6EBC307C}"
EndProject
Project("{2150E333-8FDC-42A3-9474-1A3956D46DE8}") = "Infrastructure", "Infrastructure", "{1DBCF301-B701-4A8F-BCC7-EF5BFE5F708A}"
EndProject
Project("{2150E333-8FDC-42A3-9474-1A3956D46DE8}") = "UI", "UI", "{24A8CB7B-1B76-4582-9F1F-015336233050}"
EndProject
Project("{FAE04EC0-301F-11D3-BF4B-00C04F79EFBC}") = "Common", "Common\Common.csproj", "{5CF3E571-F4F3-41A5-90D8-385F2A082821}"
EndProject
Project("{FAE04EC0-301F-11D3-BF4B-00C04F79EFBC}") = "DAL", "DAL\DAL.csproj", "{D0195CC5-6400-4910-89A5-540F1FCB10DB}"
EndProject
Project("{FAE04EC0-301F-11D3-BF4B-00C04F79EFBC}") = "IDAL", "IDAL\IDAL.csproj", "{8EC722D8-F19C-4567-A003-4F9949731576}"
EndProject
Project("{FAE04EC0-301F-11D3-BF4B-00C04F79EFBC}") = "BLL", "BLL\BLL.csproj", "{3E4E6EA2-57CC-4D8C-8C7C-41E5AC6E0E3D}"
EndProject
Project("{FAE04EC0-301F-11D3-BF4B-00C04F79EFBC}") = "DI", "DI\DI.csproj", "{FF7FE76A-8247-4670-B91A-F345FB231811}"
EndProject
Project("{FAE04EC0-301F-11D3-BF4B-00C04F79EFBC}") = "IBLL", "IBLL\IBLL.csproj", "{60C5E93B-90B6-452A-86B6-F461D39E2547}"
EndProject
Project("{FAE04EC0-301F-11D3-BF4B-00C04F79EFBC}") = "QX.Admin.Logic", "QX.Admin.Logic\QX.Admin.Logic.csproj", "{934D806F-C5A1-499A-AB98-CEC3DC359D5F}"
EndProject
Project("{FAE04EC0-301F-11D3-BF4B-00C04F79EFBC}") = "QX.Logic", "QX.Logic\QX.Logic.csproj", "{CF160210-F087-47BF-AB36-BE1537B53656}"
EndProject
Project("{FAE04EC0-301F-11D3-BF4B-00C04F79EFBC}") = "FomatModel", "FomatModel\FomatModel.csproj", "{8BAC649B-874D-4233-8EE1-B7A15618315C}"
EndProject
Global
	GlobalSection(SolutionConfigurationPlatforms) = preSolution
		Debug|Any CPU = Debug|Any CPU
		Release|Any CPU = Release|Any CPU
	EndGlobalSection
	GlobalSection(ProjectConfigurationPlatforms) = postSolution
		{B1B55DB3-FA47-4E1A-8BBE-82B8334F1873}.Debug|Any CPU.ActiveCfg = Debug|Any CPU
		{B1B55DB3-FA47-4E1A-8BBE-82B8334F1873}.Debug|Any CPU.Build.0 = Debug|Any CPU
		{B1B55DB3-FA47-4E1A-8BBE-82B8334F1873}.Release|Any CPU.ActiveCfg = Release|Any CPU
		{B1B55DB3-FA47-4E1A-8BBE-82B8334F1873}.Release|Any CPU.Build.0 = Release|Any CPU
		{E1408ABF-49F2-4448-B758-73F3D9879976}.Debug|Any CPU.ActiveCfg = Debug|Any CPU
		{E1408ABF-49F2-4448-B758-73F3D9879976}.Debug|Any CPU.Build.0 = Debug|Any CPU
		{E1408ABF-49F2-4448-B758-73F3D9879976}.Release|Any CPU.ActiveCfg = Release|Any CPU
		{E1408ABF-49F2-4448-B758-73F3D9879976}.Release|Any CPU.Build.0 = Release|Any CPU
		{5CF3E571-F4F3-41A5-90D8-385F2A082821}.Debug|Any CPU.ActiveCfg = Debug|Any CPU
		{5CF3E571-F4F3-41A5-90D8-385F2A082821}.Debug|Any CPU.Build.0 = Debug|Any CPU
		{5CF3E571-F4F3-41A5-90D8-385F2A082821}.Release|Any CPU.ActiveCfg = Release|Any CPU
		{5CF3E571-F4F3-41A5-90D8-385F2A082821}.Release|Any CPU.Build.0 = Release|Any CPU
		{D0195CC5-6400-4910-89A5-540F1FCB10DB}.Debug|Any CPU.ActiveCfg = Debug|Any CPU
		{D0195CC5-6400-4910-89A5-540F1FCB10DB}.Debug|Any CPU.Build.0 = Debug|Any CPU
		{D0195CC5-6400-4910-89A5-540F1FCB10DB}.Release|Any CPU.ActiveCfg = Release|Any CPU
		{D0195CC5-6400-4910-89A5-540F1FCB10DB}.Release|Any CPU.Build.0 = Release|Any CPU
		{8EC722D8-F19C-4567-A003-4F9949731576}.Debug|Any CPU.ActiveCfg = Debug|Any CPU
		{8EC722D8-F19C-4567-A003-4F9949731576}.Debug|Any CPU.Build.0 = Debug|Any CPU
		{8EC722D8-F19C-4567-A003-4F9949731576}.Release|Any CPU.ActiveCfg = Release|Any CPU
		{8EC722D8-F19C-4567-A003-4F9949731576}.Release|Any CPU.Build.0 = Release|Any CPU
		{3E4E6EA2-57CC-4D8C-8C7C-41E5AC6E0E3D}.Debug|Any CPU.ActiveCfg = Debug|Any CPU
		{3E4E6EA2-57CC-4D8C-8C7C-41E5AC6E0E3D}.Debug|Any CPU.Build.0 = Debug|Any CPU
		{3E4E6EA2-57CC-4D8C-8C7C-41E5AC6E0E3D}.Release|Any CPU.ActiveCfg = Release|Any CPU
		{3E4E6EA2-57CC-4D8C-8C7C-41E5AC6E0E3D}.Release|Any CPU.Build.0 = Release|Any CPU
		{FF7FE76A-8247-4670-B91A-F345FB231811}.Debug|Any CPU.ActiveCfg = Debug|Any CPU
		{FF7FE76A-8247-4670-B91A-F345FB231811}.Debug|Any CPU.Build.0 = Debug|Any CPU
		{FF7FE76A-8247-4670-B91A-F345FB231811}.Release|Any CPU.ActiveCfg = Release|Any CPU
		{FF7FE76A-8247-4670-B91A-F345FB231811}.Release|Any CPU.Build.0 = Release|Any CPU
		{60C5E93B-90B6-452A-86B6-F461D39E2547}.Debug|Any CPU.ActiveCfg = Debug|Any CPU
		{60C5E93B-90B6-452A-86B6-F461D39E2547}.Debug|Any CPU.Build.0 = Debug|Any CPU
		{60C5E93B-90B6-452A-86B6-F461D39E2547}.Release|Any CPU.ActiveCfg = Release|Any CPU
		{60C5E93B-90B6-452A-86B6-F461D39E2547}.Release|Any CPU.Build.0 = Release|Any CPU
		{934D806F-C5A1-499A-AB98-CEC3DC359D5F}.Debug|Any CPU.ActiveCfg = Debug|Any CPU
		{934D806F-C5A1-499A-AB98-CEC3DC359D5F}.Debug|Any CPU.Build.0 = Debug|Any CPU
		{934D806F-C5A1-499A-AB98-CEC3DC359D5F}.Release|Any CPU.ActiveCfg = Release|Any CPU
		{934D806F-C5A1-499A-AB98-CEC3DC359D5F}.Release|Any CPU.Build.0 = Release|Any CPU
		{CF160210-F087-47BF-AB36-BE1537B53656}.Debug|Any CPU.ActiveCfg = Debug|Any CPU
		{CF160210-F087-47BF-AB36-BE1537B53656}.Debug|Any CPU.Build.0 = Debug|Any CPU
		{CF160210-F087-47BF-AB36-BE1537B53656}.Release|Any CPU.ActiveCfg = Release|Any CPU
		{CF160210-F087-47BF-AB36-BE1537B53656}.Release|Any CPU.Build.0 = Release|Any CPU
		{8BAC649B-874D-4233-8EE1-B7A15618315C}.Debug|Any CPU.ActiveCfg = Debug|Any CPU
		{8BAC649B-874D-4233-8EE1-B7A15618315C}.Debug|Any CPU.Build.0 = Debug|Any CPU
		{8BAC649B-874D-4233-8EE1-B7A15618315C}.Release|Any CPU.ActiveCfg = Release|Any CPU
		{8BAC649B-874D-4233-8EE1-B7A15618315C}.Release|Any CPU.Build.0 = Release|Any CPU
	EndGlobalSection
	GlobalSection(SolutionProperties) = preSolution
		HideSolutionNode = FALSE
	EndGlobalSection
	GlobalSection(NestedProjects) = preSolution
		{B1B55DB3-FA47-4E1A-8BBE-82B8334F1873} = {1DBCF301-B701-4A8F-BCC7-EF5BFE5F708A}
		{E1408ABF-49F2-4448-B758-73F3D9879976} = {24A8CB7B-1B76-4582-9F1F-015336233050}
		{5CF3E571-F4F3-41A5-90D8-385F2A082821} = {1DBCF301-B701-4A8F-BCC7-EF5BFE5F708A}
		{D0195CC5-6400-4910-89A5-540F1FCB10DB} = {C30E05EA-6F9D-4F82-81E9-AACD6EBC307C}
		{8EC722D8-F19C-4567-A003-4F9949731576} = {C30E05EA-6F9D-4F82-81E9-AACD6EBC307C}
		{3E4E6EA2-57CC-4D8C-8C7C-41E5AC6E0E3D} = {2AE3E93A-C8EC-41DD-B7AA-C25880177A48}
		{FF7FE76A-8247-4670-B91A-F345FB231811} = {1DBCF301-B701-4A8F-BCC7-EF5BFE5F708A}
		{60C5E93B-90B6-452A-86B6-F461D39E2547} = {2AE3E93A-C8EC-41DD-B7AA-C25880177A48}
		{934D806F-C5A1-499A-AB98-CEC3DC359D5F} = {24A8CB7B-1B76-4582-9F1F-015336233050}
		{CF160210-F087-47BF-AB36-BE1537B53656} = {24A8CB7B-1B76-4582-9F1F-015336233050}
		{8BAC649B-874D-4233-8EE1-B7A15618315C} = {1DBCF301-B701-4A8F-BCC7-EF5BFE5F708A}
	EndGlobalSection
EndGlobal
